// !$*UTF8*$!
{
	archiveVersion = 1;
	classes = {
	};
	objectVersion = 77;
	objects = {

/* Begin PBXBuildFile section */
		71220FF62E647386007DBF1C /* NetworkExtension.framework in Frameworks */ = {isa = PBXBuildFile; fileRef = 71220FF52E647386007DBF1C /* NetworkExtension.framework */; };
		712210002E647386007DBF1C /* com.tonalphoto.tech.LowData.LowDataExtension.systemextension in Embed System Extensions */ = {isa = PBXBuildFile; fileRef = 71220FF32E647386007DBF1C /* com.tonalphoto.tech.LowData.LowDataExtension.systemextension */; settings = {ATTRIBUTES = (RemoveHeadersOnCopy, ); }; };
		712210072E647638007DBF1C /* CLAUDE.md in Resources */ = {isa = PBXBuildFile; fileRef = 712210062E647631007DBF1C /* CLAUDE.md */; };
/* End PBXBuildFile section */

/* Begin PBXContainerItemProxy section */
		71220FFE2E647386007DBF1C /* PBXContainerItemProxy */ = {
			isa = PBXContainerItemProxy;
			containerPortal = 712CE3E92E647006007BAA72 /* Project object */;
			proxyType = 1;
			remoteGlobalIDString = 71220FF22E647386007DBF1C;
			remoteInfo = LowDataExtension;
		};
		712CE4052E647007007BAA72 /* PBXContainerItemProxy */ = {
			isa = PBXContainerItemProxy;
			containerPortal = 712CE3E92E647006007BAA72 /* Project object */;
			proxyType = 1;
			remoteGlobalIDString = 712CE3F02E647006007BAA72;
			remoteInfo = LowData;
		};
		712CE40F2E647007007BAA72 /* PBXContainerItemProxy */ = {
			isa = PBXContainerItemProxy;
			containerPortal = 712CE3E92E647006007BAA72 /* Project object */;
			proxyType = 1;
			remoteGlobalIDString = 712CE3F02E647006007BAA72;
			remoteInfo = LowData;
		};
/* End PBXContainerItemProxy section */

/* Begin PBXCopyFilesBuildPhase section */
		712210052E647386007DBF1C /* Embed System Extensions */ = {
			isa = PBXCopyFilesBuildPhase;
			buildActionMask = 2147483647;
			dstPath = "$(SYSTEM_EXTENSIONS_FOLDER_PATH)";
			dstSubfolderSpec = 16;
			files = (
				712210002E647386007DBF1C /* com.tonalphoto.tech.LowData.LowDataExtension.systemextension in Embed System Extensions */,
			);
			name = "Embed System Extensions";
			runOnlyForDeploymentPostprocessing = 0;
		};
/* End PBXCopyFilesBuildPhase section */

/* Begin PBXFileReference section */
		71220FF32E647386007DBF1C /* com.tonalphoto.tech.LowData.LowDataExtension.systemextension */ = {isa = PBXFileReference; explicitFileType = "wrapper.system-extension"; includeInIndex = 0; path = com.tonalphoto.tech.LowData.LowDataExtension.systemextension; sourceTree = BUILT_PRODUCTS_DIR; };
		71220FF52E647386007DBF1C /* NetworkExtension.framework */ = {isa = PBXFileReference; lastKnownFileType = wrapper.framework; name = NetworkExtension.framework; path = System/Library/Frameworks/NetworkExtension.framework; sourceTree = SDKROOT; };
		712210062E647631007DBF1C /* CLAUDE.md */ = {isa = PBXFileReference; lastKnownFileType = net.daringfireball.markdown; path = CLAUDE.md; sourceTree = "<group>"; };
		712CE3F12E647006007BAA72 /* LowData.app */ = {isa = PBXFileReference; explicitFileType = wrapper.application; includeInIndex = 0; path = LowData.app; sourceTree = BUILT_PRODUCTS_DIR; };
		712CE4042E647007007BAA72 /* LowDataTests.xctest */ = {isa = PBXFileReference; explicitFileType = wrapper.cfbundle; includeInIndex = 0; path = LowDataTests.xctest; sourceTree = BUILT_PRODUCTS_DIR; };
		712CE40E2E647007007BAA72 /* LowDataUITests.xctest */ = {isa = PBXFileReference; explicitFileType = wrapper.cfbundle; includeInIndex = 0; path = LowDataUITests.xctest; sourceTree = BUILT_PRODUCTS_DIR; };
/* End PBXFileReference section */

/* Begin PBXFileSystemSynchronizedBuildFileExceptionSet section */
		712210012E647386007DBF1C /* Exceptions for "LowDataExtension" folder in "LowDataExtension" target */ = {
			isa = PBXFileSystemSynchronizedBuildFileExceptionSet;
			membershipExceptions = (
				Info.plist,
			);
			target = 71220FF22E647386007DBF1C /* LowDataExtension */;
		};
		7122100E2E64AF3B007DBF1C /* Exceptions for "LowData" folder in "LowData" target */ = {
			isa = PBXFileSystemSynchronizedBuildFileExceptionSet;
			membershipExceptions = (
				Info.plist,
			);
			target = 712CE3F02E647006007BAA72 /* LowData */;
		};
/* End PBXFileSystemSynchronizedBuildFileExceptionSet section */

/* Begin PBXFileSystemSynchronizedRootGroup section */
		71220FF72E647386007DBF1C /* LowDataExtension */ = {
			isa = PBXFileSystemSynchronizedRootGroup;
			exceptions = (
				712210012E647386007DBF1C /* Exceptions for "LowDataExtension" folder in "LowDataExtension" target */,
			);
			path = LowDataExtension;
			sourceTree = "<group>";
		};
		712CE3F32E647006007BAA72 /* LowData */ = {
			isa = PBXFileSystemSynchronizedRootGroup;
			exceptions = (
				7122100E2E64AF3B007DBF1C /* Exceptions for "LowData" folder in "LowData" target */,
			);
			path = LowData;
			sourceTree = "<group>";
		};
		712CE4072E647007007BAA72 /* LowDataTests */ = {
			isa = PBXFileSystemSynchronizedRootGroup;
			path = LowDataTests;
			sourceTree = "<group>";
		};
		712CE4112E647007007BAA72 /* LowDataUITests */ = {
			isa = PBXFileSystemSynchronizedRootGroup;
			path = LowDataUITests;
			sourceTree = "<group>";
		};
/* End PBXFileSystemSynchronizedRootGroup section */

/* Begin PBXFrameworksBuildPhase section */
		71220FF02E647386007DBF1C /* Frameworks */ = {
			isa = PBXFrameworksBuildPhase;
			buildActionMask = 2147483647;
			files = (
				71220FF62E647386007DBF1C /* NetworkExtension.framework in Frameworks */,
			);
			runOnlyForDeploymentPostprocessing = 0;
		};
		712CE3EE2E647006007BAA72 /* Frameworks */ = {
			isa = PBXFrameworksBuildPhase;
			buildActionMask = 2147483647;
			files = (
			);
			runOnlyForDeploymentPostprocessing = 0;
		};
		712CE4012E647007007BAA72 /* Frameworks */ = {
			isa = PBXFrameworksBuildPhase;
			buildActionMask = 2147483647;
			files = (
			);
			runOnlyForDeploymentPostprocessing = 0;
		};
		712CE40B2E647007007BAA72 /* Frameworks */ = {
			isa = PBXFrameworksBuildPhase;
			buildActionMask = 2147483647;
			files = (
			);
			runOnlyForDeploymentPostprocessing = 0;
		};
/* End PBXFrameworksBuildPhase section */

/* Begin PBXGroup section */
		71220FF42E647386007DBF1C /* Frameworks */ = {
			isa = PBXGroup;
			children = (
				71220FF52E647386007DBF1C /* NetworkExtension.framework */,
			);
			name = Frameworks;
			sourceTree = "<group>";
		};
		712CE3E82E647006007BAA72 = {
			isa = PBXGroup;
			children = (
				712210062E647631007DBF1C /* CLAUDE.md */,
				712CE3F32E647006007BAA72 /* LowData */,
				712CE4072E647007007BAA72 /* LowDataTests */,
				712CE4112E647007007BAA72 /* LowDataUITests */,
				71220FF72E647386007DBF1C /* LowDataExtension */,
				71220FF42E647386007DBF1C /* Frameworks */,
				712CE3F22E647006007BAA72 /* Products */,
			);
			sourceTree = "<group>";
		};
		712CE3F22E647006007BAA72 /* Products */ = {
			isa = PBXGroup;
			children = (
				712CE3F12E647006007BAA72 /* LowData.app */,
				712CE4042E647007007BAA72 /* LowDataTests.xctest */,
				712CE40E2E647007007BAA72 /* LowDataUITests.xctest */,
				71220FF32E647386007DBF1C /* com.tonalphoto.tech.LowData.LowDataExtension.systemextension */,
			);
			name = Products;
			sourceTree = "<group>";
		};
/* End PBXGroup section */

/* Begin PBXNativeTarget section */
		71220FF22E647386007DBF1C /* LowDataExtension */ = {
			isa = PBXNativeTarget;
			buildConfigurationList = 712210022E647386007DBF1C /* Build configuration list for PBXNativeTarget "LowDataExtension" */;
			buildPhases = (
				71220FEF2E647386007DBF1C /* Sources */,
				71220FF02E647386007DBF1C /* Frameworks */,
				71220FF12E647386007DBF1C /* Resources */,
			);
			buildRules = (
			);
			dependencies = (
			);
			fileSystemSynchronizedGroups = (
				71220FF72E647386007DBF1C /* LowDataExtension */,
			);
			name = LowDataExtension;
			packageProductDependencies = (
			);
			productName = LowDataExtension;
			productReference = 71220FF32E647386007DBF1C /* com.tonalphoto.tech.LowData.LowDataExtension.systemextension */;
			productType = "com.apple.product-type.system-extension";
		};
		712CE3F02E647006007BAA72 /* LowData */ = {
			isa = PBXNativeTarget;
			buildConfigurationList = 712CE4182E647007007BAA72 /* Build configuration list for PBXNativeTarget "LowData" */;
			buildPhases = (
				712CE3ED2E647006007BAA72 /* Sources */,
				712CE3EE2E647006007BAA72 /* Frameworks */,
				712CE3EF2E647006007BAA72 /* Resources */,
				712210052E647386007DBF1C /* Embed System Extensions */,
			);
			buildRules = (
			);
			dependencies = (
				71220FFF2E647386007DBF1C /* PBXTargetDependency */,
			);
			fileSystemSynchronizedGroups = (
				712CE3F32E647006007BAA72 /* LowData */,
			);
			name = LowData;
			packageProductDependencies = (
			);
			productName = LowData;
			productReference = 712CE3F12E647006007BAA72 /* LowData.app */;
			productType = "com.apple.product-type.application";
		};
		712CE4032E647007007BAA72 /* LowDataTests */ = {
			isa = PBXNativeTarget;
			buildConfigurationList = 712CE41B2E647007007BAA72 /* Build configuration list for PBXNativeTarget "LowDataTests" */;
			buildPhases = (
				712CE4002E647007007BAA72 /* Sources */,
				712CE4012E647007007BAA72 /* Frameworks */,
				712CE4022E647007007BAA72 /* Resources */,
			);
			buildRules = (
			);
			dependencies = (
				712CE4062E647007007BAA72 /* PBXTargetDependency */,
			);
			fileSystemSynchronizedGroups = (
				712CE4072E647007007BAA72 /* LowDataTests */,
			);
			name = LowDataTests;
			packageProductDependencies = (
			);
			productName = LowDataTests;
			productReference = 712CE4042E647007007BAA72 /* LowDataTests.xctest */;
			productType = "com.apple.product-type.bundle.unit-test";
		};
		712CE40D2E647007007BAA72 /* LowDataUITests */ = {
			isa = PBXNativeTarget;
			buildConfigurationList = 712CE41E2E647007007BAA72 /* Build configuration list for PBXNativeTarget "LowDataUITests" */;
			buildPhases = (
				712CE40A2E647007007BAA72 /* Sources */,
				712CE40B2E647007007BAA72 /* Frameworks */,
				712CE40C2E647007007BAA72 /* Resources */,
			);
			buildRules = (
			);
			dependencies = (
				712CE4102E647007007BAA72 /* PBXTargetDependency */,
			);
			fileSystemSynchronizedGroups = (
				712CE4112E647007007BAA72 /* LowDataUITests */,
			);
			name = LowDataUITests;
			packageProductDependencies = (
			);
			productName = LowDataUITests;
			productReference = 712CE40E2E647007007BAA72 /* LowDataUITests.xctest */;
			productType = "com.apple.product-type.bundle.ui-testing";
		};
/* End PBXNativeTarget section */

/* Begin PBXProject section */
		712CE3E92E647006007BAA72 /* Project object */ = {
			isa = PBXProject;
			attributes = {
				BuildIndependentTargetsInParallel = 1;
				LastSwiftUpdateCheck = 1640;
				LastUpgradeCheck = 1640;
				TargetAttributes = {
					71220FF22E647386007DBF1C = {
						CreatedOnToolsVersion = 16.4;
					};
					712CE3F02E647006007BAA72 = {
						CreatedOnToolsVersion = 16.4;
					};
					712CE4032E647007007BAA72 = {
						CreatedOnToolsVersion = 16.4;
						TestTargetID = 712CE3F02E647006007BAA72;
					};
					712CE40D2E647007007BAA72 = {
						CreatedOnToolsVersion = 16.4;
						TestTargetID = 712CE3F02E647006007BAA72;
					};
				};
			};
			buildConfigurationList = 712CE3EC2E647006007BAA72 /* Build configuration list for PBXProject "LowData" */;
			developmentRegion = en;
			hasScannedForEncodings = 0;
			knownRegions = (
				en,
				Base,
			);
			mainGroup = 712CE3E82E647006007BAA72;
			minimizedProjectReferenceProxies = 1;
			preferredProjectObjectVersion = 77;
			productRefGroup = 712CE3F22E647006007BAA72 /* Products */;
			projectDirPath = "";
			projectRoot = "";
			targets = (
				712CE3F02E647006007BAA72 /* LowData */,
				712CE4032E647007007BAA72 /* LowDataTests */,
				712CE40D2E647007007BAA72 /* LowDataUITests */,
				71220FF22E647386007DBF1C /* LowDataExtension */,
			);
		};
/* End PBXProject section */

/* Begin PBXResourcesBuildPhase section */
		71220FF12E647386007DBF1C /* Resources */ = {
			isa = PBXResourcesBuildPhase;
			buildActionMask = 2147483647;
			files = (
			);
			runOnlyForDeploymentPostprocessing = 0;
		};
		712CE3EF2E647006007BAA72 /* Resources */ = {
			isa = PBXResourcesBuildPhase;
			buildActionMask = 2147483647;
			files = (
				712210072E647638007DBF1C /* CLAUDE.md in Resources */,
			);
			runOnlyForDeploymentPostprocessing = 0;
		};
		712CE4022E647007007BAA72 /* Resources */ = {
			isa = PBXResourcesBuildPhase;
			buildActionMask = 2147483647;
			files = (
			);
			runOnlyForDeploymentPostprocessing = 0;
		};
		712CE40C2E647007007BAA72 /* Resources */ = {
			isa = PBXResourcesBuildPhase;
			buildActionMask = 2147483647;
			files = (
			);
			runOnlyForDeploymentPostprocessing = 0;
		};
/* End PBXResourcesBuildPhase section */

/* Begin PBXSourcesBuildPhase section */
		71220FEF2E647386007DBF1C /* Sources */ = {
			isa = PBXSourcesBuildPhase;
			buildActionMask = 2147483647;
			files = (
			);
			runOnlyForDeploymentPostprocessing = 0;
		};
		712CE3ED2E647006007BAA72 /* Sources */ = {
			isa = PBXSourcesBuildPhase;
			buildActionMask = 2147483647;
			files = (
			);
			runOnlyForDeploymentPostprocessing = 0;
		};
		712CE4002E647007007BAA72 /* Sources */ = {
			isa = PBXSourcesBuildPhase;
			buildActionMask = 2147483647;
			files = (
			);
			runOnlyForDeploymentPostprocessing = 0;
		};
		712CE40A2E647007007BAA72 /* Sources */ = {
			isa = PBXSourcesBuildPhase;
			buildActionMask = 2147483647;
			files = (
			);
			runOnlyForDeploymentPostprocessing = 0;
		};
/* End PBXSourcesBuildPhase section */

/* Begin PBXTargetDependency section */
		71220FFF2E647386007DBF1C /* PBXTargetDependency */ = {
			isa = PBXTargetDependency;
			target = 71220FF22E647386007DBF1C /* LowDataExtension */;
			targetProxy = 71220FFE2E647386007DBF1C /* PBXContainerItemProxy */;
		};
		712CE4062E647007007BAA72 /* PBXTargetDependency */ = {
			isa = PBXTargetDependency;
			target = 712CE3F02E647006007BAA72 /* LowData */;
			targetProxy = 712CE4052E647007007BAA72 /* PBXContainerItemProxy */;
		};
		712CE4102E647007007BAA72 /* PBXTargetDependency */ = {
			isa = PBXTargetDependency;
			target = 712CE3F02E647006007BAA72 /* LowData */;
			targetProxy = 712CE40F2E647007007BAA72 /* PBXContainerItemProxy */;
		};
/* End PBXTargetDependency section */

/* Begin XCBuildConfiguration section */
		712210032E647386007DBF1C /* Debug */ = {
			isa = XCBuildConfiguration;
			buildSettings = {
				CODE_SIGN_ENTITLEMENTS = LowDataExtension/LowDataExtension.entitlements;
				CODE_SIGN_STYLE = Automatic;
				CURRENT_PROJECT_VERSION = 1;
				DEVELOPMENT_TEAM = 85QL287QYW;
				ENABLE_HARDENED_RUNTIME = YES;
				GENERATE_INFOPLIST_FILE = YES;
				INFOPLIST_FILE = LowDataExtension/Info.plist;
				INFOPLIST_KEY_CFBundleDisplayName = LowDataExtension;
				INFOPLIST_KEY_NSHumanReadableCopyright = "";
				LD_RUNPATH_SEARCH_PATHS = (
					"$(inherited)",
					"@executable_path/../Frameworks",
					"@executable_path/../../../../Frameworks",
				);
				MARKETING_VERSION = 1.0;
				PRODUCT_BUNDLE_IDENTIFIER = com.tonalphoto.tech.LowData.LowDataExtension;
				PRODUCT_NAME = "$(inherited)";
				REGISTER_APP_GROUPS = YES;
				SKIP_INSTALL = YES;
				SWIFT_EMIT_LOC_STRINGS = YES;
				SWIFT_VERSION = 5.0;
			};
			name = Debug;
		};
		712210042E647386007DBF1C /* Release */ = {
			isa = XCBuildConfiguration;
			buildSettings = {
				CODE_SIGN_ENTITLEMENTS = LowDataExtension/LowDataExtension.entitlements;
				CODE_SIGN_STYLE = Automatic;
				CURRENT_PROJECT_VERSION = 1;
				DEVELOPMENT_TEAM = 85QL287QYW;
				ENABLE_HARDENED_RUNTIME = YES;
				GENERATE_INFOPLIST_FILE = YES;
				INFOPLIST_FILE = LowDataExtension/Info.plist;
				INFOPLIST_KEY_CFBundleDisplayName = LowDataExtension;
				INFOPLIST_KEY_NSHumanReadableCopyright = "";
				LD_RUNPATH_SEARCH_PATHS = (
					"$(inherited)",
					"@executable_path/../Frameworks",
					"@executable_path/../../../../Frameworks",
				);
				MARKETING_VERSION = 1.0;
				PRODUCT_BUNDLE_IDENTIFIER = com.tonalphoto.tech.LowData.LowDataExtension;
				PRODUCT_NAME = "$(inherited)";
				REGISTER_APP_GROUPS = YES;
				SKIP_INSTALL = YES;
				SWIFT_EMIT_LOC_STRINGS = YES;
				SWIFT_VERSION = 5.0;
			};
			name = Release;
		};
		712CE4162E647007007BAA72 /* Debug */ = {
			isa = XCBuildConfiguration;
			buildSettings = {
				ALWAYS_SEARCH_USER_PATHS = NO;
				ASSETCATALOG_COMPILER_GENERATE_SWIFT_ASSET_SYMBOL_EXTENSIONS = YES;
				CLANG_ANALYZER_NONNULL = YES;
				CLANG_ANALYZER_NUMBER_OBJECT_CONVERSION = YES_AGGRESSIVE;
				CLANG_CXX_LANGUAGE_STANDARD = "gnu++20";
				CLANG_ENABLE_MODULES = YES;
				CLANG_ENABLE_OBJC_ARC = YES;
				CLANG_ENABLE_OBJC_WEAK = YES;
				CLANG_WARN_BLOCK_CAPTURE_AUTORELEASING = YES;
				CLANG_WARN_BOOL_CONVERSION = YES;
				CLANG_WARN_COMMA = YES;
				CLANG_WARN_CONSTANT_CONVERSION = YES;
				CLANG_WARN_DEPRECATED_OBJC_IMPLEMENTATIONS = YES;
				CLANG_WARN_DIRECT_OBJC_ISA_USAGE = YES_ERROR;
				CLANG_WARN_DOCUMENTATION_COMMENTS = YES;
				CLANG_WARN_EMPTY_BODY = YES;
				CLANG_WARN_ENUM_CONVERSION = YES;
				CLANG_WARN_INFINITE_RECURSION = YES;
				CLANG_WARN_INT_CONVERSION = YES;
				CLANG_WARN_NON_LITERAL_NULL_CONVERSION = YES;
				CLANG_WARN_OBJC_IMPLICIT_RETAIN_SELF = YES;
				CLANG_WARN_OBJC_LITERAL_CONVERSION = YES;
				CLANG_WARN_OBJC_ROOT_CLASS = YES_ERROR;
				CLANG_WARN_QUOTED_INCLUDE_IN_FRAMEWORK_HEADER = YES;
				CLANG_WARN_RANGE_LOOP_ANALYSIS = YES;
				CLANG_WARN_STRICT_PROTOTYPES = YES;
				CLANG_WARN_SUSPICIOUS_MOVE = YES;
				CLANG_WARN_UNGUARDED_AVAILABILITY = YES_AGGRESSIVE;
				CLANG_WARN_UNREACHABLE_CODE = YES;
				CLANG_WARN__DUPLICATE_METHOD_MATCH = YES;
				COPY_PHASE_STRIP = NO;
				DEBUG_INFORMATION_FORMAT = dwarf;
				DEVELOPMENT_TEAM = 85QL287QYW;
				ENABLE_STRICT_OBJC_MSGSEND = YES;
				ENABLE_TESTABILITY = YES;
				ENABLE_USER_SCRIPT_SANDBOXING = YES;
				GCC_C_LANGUAGE_STANDARD = gnu17;
				GCC_DYNAMIC_NO_PIC = NO;
				GCC_NO_COMMON_BLOCKS = YES;
				GCC_OPTIMIZATION_LEVEL = 0;
				GCC_PREPROCESSOR_DEFINITIONS = (
					"DEBUG=1",
					"$(inherited)",
				);
				GCC_WARN_64_TO_32_BIT_CONVERSION = YES;
				GCC_WARN_ABOUT_RETURN_TYPE = YES_ERROR;
				GCC_WARN_UNDECLARED_SELECTOR = YES;
				GCC_WARN_UNINITIALIZED_AUTOS = YES_AGGRESSIVE;
				GCC_WARN_UNUSED_FUNCTION = YES;
				GCC_WARN_UNUSED_VARIABLE = YES;
				LOCALIZATION_PREFERS_STRING_CATALOGS = YES;
				MACOSX_DEPLOYMENT_TARGET = 15.5;
				MTL_ENABLE_DEBUG_INFO = INCLUDE_SOURCE;
				MTL_FAST_MATH = YES;
				ONLY_ACTIVE_ARCH = YES;
				SDKROOT = macosx;
				SWIFT_ACTIVE_COMPILATION_CONDITIONS = "DEBUG $(inherited)";
				SWIFT_OPTIMIZATION_LEVEL = "-Onone";
			};
			name = Debug;
		};
		712CE4172E647007007BAA72 /* Release */ = {
			isa = XCBuildConfiguration;
			buildSettings = {
				ALWAYS_SEARCH_USER_PATHS = NO;
				ASSETCATALOG_COMPILER_GENERATE_SWIFT_ASSET_SYMBOL_EXTENSIONS = YES;
				CLANG_ANALYZER_NONNULL = YES;
				CLANG_ANALYZER_NUMBER_OBJECT_CONVERSION = YES_AGGRESSIVE;
				CLANG_CXX_LANGUAGE_STANDARD = "gnu++20";
				CLANG_ENABLE_MODULES = YES;
				CLANG_ENABLE_OBJC_ARC = YES;
				CLANG_ENABLE_OBJC_WEAK = YES;
				CLANG_WARN_BLOCK_CAPTURE_AUTORELEASING = YES;
				CLANG_WARN_BOOL_CONVERSION = YES;
				CLANG_WARN_COMMA = YES;
				CLANG_WARN_CONSTANT_CONVERSION = YES;
				CLANG_WARN_DEPRECATED_OBJC_IMPLEMENTATIONS = YES;
				CLANG_WARN_DIRECT_OBJC_ISA_USAGE = YES_ERROR;
				CLANG_WARN_DOCUMENTATION_COMMENTS = YES;
				CLANG_WARN_EMPTY_BODY = YES;
				CLANG_WARN_ENUM_CONVERSION = YES;
				CLANG_WARN_INFINITE_RECURSION = YES;
				CLANG_WARN_INT_CONVERSION = YES;
				CLANG_WARN_NON_LITERAL_NULL_CONVERSION = YES;
				CLANG_WARN_OBJC_IMPLICIT_RETAIN_SELF = YES;
				CLANG_WARN_OBJC_LITERAL_CONVERSION = YES;
				CLANG_WARN_OBJC_ROOT_CLASS = YES_ERROR;
				CLANG_WARN_QUOTED_INCLUDE_IN_FRAMEWORK_HEADER = YES;
				CLANG_WARN_RANGE_LOOP_ANALYSIS = YES;
				CLANG_WARN_STRICT_PROTOTYPES = YES;
				CLANG_WARN_SUSPICIOUS_MOVE = YES;
				CLANG_WARN_UNGUARDED_AVAILABILITY = YES_AGGRESSIVE;
				CLANG_WARN_UNREACHABLE_CODE = YES;
				CLANG_WARN__DUPLICATE_METHOD_MATCH = YES;
				COPY_PHASE_STRIP = NO;
				DEBUG_INFORMATION_FORMAT = "dwarf-with-dsym";
				DEVELOPMENT_TEAM = 85QL287QYW;
				ENABLE_NS_ASSERTIONS = NO;
				ENABLE_STRICT_OBJC_MSGSEND = YES;
				ENABLE_USER_SCRIPT_SANDBOXING = YES;
				GCC_C_LANGUAGE_STANDARD = gnu17;
				GCC_NO_COMMON_BLOCKS = YES;
				GCC_WARN_64_TO_32_BIT_CONVERSION = YES;
				GCC_WARN_ABOUT_RETURN_TYPE = YES_ERROR;
				GCC_WARN_UNDECLARED_SELECTOR = YES;
				GCC_WARN_UNINITIALIZED_AUTOS = YES_AGGRESSIVE;
				GCC_WARN_UNUSED_FUNCTION = YES;
				GCC_WARN_UNUSED_VARIABLE = YES;
				LOCALIZATION_PREFERS_STRING_CATALOGS = YES;
				MACOSX_DEPLOYMENT_TARGET = 15.5;
				MTL_ENABLE_DEBUG_INFO = NO;
				MTL_FAST_MATH = YES;
				SDKROOT = macosx;
				SWIFT_COMPILATION_MODE = wholemodule;
			};
			name = Release;
		};
		712CE4192E647007007BAA72 /* Debug */ = {
			isa = XCBuildConfiguration;
			buildSettings = {
				ASSETCATALOG_COMPILER_APPICON_NAME = AppIcon;
				ASSETCATALOG_COMPILER_GLOBAL_ACCENT_COLOR_NAME = AccentColor;
				CODE_SIGN_ENTITLEMENTS = LowData/LowData.entitlements;
				CODE_SIGN_STYLE = Automatic;
				COMBINE_HIDPI_IMAGES = YES;
				CURRENT_PROJECT_VERSION = 1;
				DEVELOPMENT_TEAM = 85QL287QYW;
				ENABLE_HARDENED_RUNTIME = YES;
				ENABLE_PREVIEWS = YES;
				GENERATE_INFOPLIST_FILE = NO;
				"INFOPLIST_FILE[sdk=*]" = LowData/Info.plist;
				INFOPLIST_KEY_NSHumanReadableCopyright = "";
				LD_RUNPATH_SEARCH_PATHS = (
					"$(inherited)",
					"@executable_path/../Frameworks",
				);
				MARKETING_VERSION = 1.0;
				PRODUCT_BUNDLE_IDENTIFIER = com.tonalphoto.tech.LowData;
				PRODUCT_NAME = "$(TARGET_NAME)";
				REGISTER_APP_GROUPS = YES;
				SWIFT_EMIT_LOC_STRINGS = YES;
				SWIFT_VERSION = 5.0;
			};
			name = Debug;
		};
		712CE41A2E647007007BAA72 /* Release */ = {
			isa = XCBuildConfiguration;
			buildSettings = {
				ASSETCATALOG_COMPILER_APPICON_NAME = AppIcon;
				ASSETCATALOG_COMPILER_GLOBAL_ACCENT_COLOR_NAME = AccentColor;
				CODE_SIGN_ENTITLEMENTS = LowData/LowData.entitlements;
				CODE_SIGN_STYLE = Automatic;
				COMBINE_HIDPI_IMAGES = YES;
				CURRENT_PROJECT_VERSION = 1;
				DEVELOPMENT_TEAM = 85QL287QYW;
				ENABLE_HARDENED_RUNTIME = YES;
				ENABLE_PREVIEWS = YES;
				GENERATE_INFOPLIST_FILE = NO;
				"INFOPLIST_FILE[sdk=*]" = LowData/Info.plist;
				INFOPLIST_KEY_NSHumanReadableCopyright = "";
				LD_RUNPATH_SEARCH_PATHS = (
					"$(inherited)",
					"@executable_path/../Frameworks",
				);
				MARKETING_VERSION = 1.0;
				PRODUCT_BUNDLE_IDENTIFIER = com.tonalphoto.tech.LowData;
				PRODUCT_NAME = "$(TARGET_NAME)";
				REGISTER_APP_GROUPS = YES;
				SWIFT_EMIT_LOC_STRINGS = YES;
				SWIFT_VERSION = 5.0;
			};
			name = Release;
		};
		712CE41C2E647007007BAA72 /* Debug */ = {
			isa = XCBuildConfiguration;
			buildSettings = {
				BUNDLE_LOADER = "$(TEST_HOST)";
				CODE_SIGN_STYLE = Automatic;
				CURRENT_PROJECT_VERSION = 1;
				DEVELOPMENT_TEAM = 85QL287QYW;
				GENERATE_INFOPLIST_FILE = YES;
				MACOSX_DEPLOYMENT_TARGET = 15.5;
				MARKETING_VERSION = 1.0;
				PRODUCT_BUNDLE_IDENTIFIER = com.tonalphoto.tech.LowDataTests;
				PRODUCT_NAME = "$(TARGET_NAME)";
				SWIFT_EMIT_LOC_STRINGS = NO;
				SWIFT_VERSION = 5.0;
				TEST_HOST = "$(BUILT_PRODUCTS_DIR)/LowData.app/$(BUNDLE_EXECUTABLE_FOLDER_PATH)/LowData";
			};
			name = Debug;
		};
		712CE41D2E647007007BAA72 /* Release */ = {
			isa = XCBuildConfiguration;
			buildSettings = {
				BUNDLE_LOADER = "$(TEST_HOST)";
				CODE_SIGN_STYLE = Automatic;
				CURRENT_PROJECT_VERSION = 1;
				DEVELOPMENT_TEAM = 85QL287QYW;
				GENERATE_INFOPLIST_FILE = YES;
				MACOSX_DEPLOYMENT_TARGET = 15.5;
				MARKETING_VERSION = 1.0;
				PRODUCT_BUNDLE_IDENTIFIER = com.tonalphoto.tech.LowDataTests;
				PRODUCT_NAME = "$(TARGET_NAME)";
				SWIFT_EMIT_LOC_STRINGS = NO;
				SWIFT_VERSION = 5.0;
				TEST_HOST = "$(BUILT_PRODUCTS_DIR)/LowData.app/$(BUNDLE_EXECUTABLE_FOLDER_PATH)/LowData";
			};
			name = Release;
		};
		712CE41F2E647007007BAA72 /* Debug */ = {
			isa = XCBuildConfiguration;
			buildSettings = {
				CODE_SIGN_STYLE = Automatic;
				CURRENT_PROJECT_VERSION = 1;
				DEVELOPMENT_TEAM = 85QL287QYW;
				GENERATE_INFOPLIST_FILE = YES;
				MARKETING_VERSION = 1.0;
				PRODUCT_BUNDLE_IDENTIFIER = com.tonalphoto.tech.LowDataUITests;
				PRODUCT_NAME = "$(TARGET_NAME)";
				SWIFT_EMIT_LOC_STRINGS = NO;
				SWIFT_VERSION = 5.0;
				TEST_TARGET_NAME = LowData;
			};
			name = Debug;
		};
		712CE4202E647007007BAA72 /* Release */ = {
			isa = XCBuildConfiguration;
			buildSettings = {
				CODE_SIGN_STYLE = Automatic;
				CURRENT_PROJECT_VERSION = 1;
				DEVELOPMENT_TEAM = 85QL287QYW;
				GENERATE_INFOPLIST_FILE = YES;
				MARKETING_VERSION = 1.0;
				PRODUCT_BUNDLE_IDENTIFIER = com.tonalphoto.tech.LowDataUITests;
				PRODUCT_NAME = "$(TARGET_NAME)";
				SWIFT_EMIT_LOC_STRINGS = NO;
				SWIFT_VERSION = 5.0;
				TEST_TARGET_NAME = LowData;
			};
			name = Release;
		};
/* End XCBuildConfiguration section */

/* Begin XCConfigurationList section */
		712210022E647386007DBF1C /* Build configuration list for PBXNativeTarget "LowDataExtension" */ = {
			isa = XCConfigurationList;
			buildConfigurations = (
				712210032E647386007DBF1C /* Debug */,
				712210042E647386007DBF1C /* Release */,
			);
			defaultConfigurationIsVisible = 0;
			defaultConfigurationName = Release;
		};
		712CE3EC2E647006007BAA72 /* Build configuration list for PBXProject "LowData" */ = {
			isa = XCConfigurationList;
			buildConfigurations = (
				712CE4162E647007007BAA72 /* Debug */,
				712CE4172E647007007BAA72 /* Release */,
			);
			defaultConfigurationIsVisible = 0;
			defaultConfigurationName = Release;
		};
		712CE4182E647007007BAA72 /* Build configuration list for PBXNativeTarget "LowData" */ = {
			isa = XCConfigurationList;
			buildConfigurations = (
				712CE4192E647007007BAA72 /* Debug */,
				712CE41A2E647007007BAA72 /* Release */,
			);
			defaultConfigurationIsVisible = 0;
			defaultConfigurationName = Release;
		};
		712CE41B2E647007007BAA72 /* Build configuration list for PBXNativeTarget "LowDataTests" */ = {
			isa = XCConfigurationList;
			buildConfigurations = (
				712CE41C2E647007007BAA72 /* Debug */,
				712CE41D2E647007007BAA72 /* Release */,
			);
			defaultConfigurationIsVisible = 0;
			defaultConfigurationName = Release;
		};
		712CE41E2E647007007BAA72 /* Build configuration list for PBXNativeTarget "LowDataUITests" */ = {
			isa = XCConfigurationList;
			buildConfigurations = (
				712CE41F2E647007007BAA72 /* Debug */,
				712CE4202E647007007BAA72 /* Release */,
			);
			defaultConfigurationIsVisible = 0;
			defaultConfigurationName = Release;
		};
/* End XCConfigurationList section */
	};
	rootObject = 712CE3E92E647006007BAA72 /* Project object */;
}
